{
  "name": "robok2",
  "version": "2.0.0",
  "lockfileVersion": 3,
  "requires": true,
  "packages": {
    "": {
      "name": "robok2",
      "version": "2.0.0",
      "license": "ISC",
      "dependencies": {
        "@vant/weapp": "^1.10.13"
      },
      "devDependencies": {
        "miniprogram-api-typings": "^3.9.0"
      }
    },
    "node_modules/@vant/weapp": {
      "version": "1.10.13",
      "resolved": "https://registry.npmmirror.com/@vant/weapp/-/weapp-1.10.13.tgz",
      "integrity": "sha512-Ps56qHY60W0QpaFKgzN2UGWfzCcKfZrM7QZVfFM3Qx9Kpm/Tnqln+mrGSMiI84+6qU0Bv1xKX6FBDa04yNiwAQ=="
    },
    "node_modules/miniprogram-api-typings": {
      "version": "3.9.0",
      "resolved": "https://registry.npmmirror.com/miniprogram-api-typings/-/miniprogram-api-typings-3.9.0.tgz",
      "integrity": "sha512-QCXHHW9H4XYazb8J9EMiFyaOWHXhBG4oehkQqi+76FJpKKIlpgL0ZkXxzJ2L+6T/c5OxKm7iegovKIQGVkZDLQ==",
      "dev": true
    }
  }
}
